
Microsoft Visual Studio Solution File, Format Version 12.00
# Visual Studio Version 17
VisualStudioVersion = 17.10.34825.169
MinimumVisualStudioVersion = 10.0.40219.1
Project("{2150E333-8FDC-42A3-9474-1A3956D46DE8}") = "tests", "tests", "{B9609780-F9CF-4FE5-909C-CABB81114684}"
EndProject
Project("{2150E333-8FDC-42A3-9474-1A3956D46DE8}") = "integration", "integration", "{B7FD61DB-F6C7-49EA-B437-1A1B7DBB46D6}"
EndProject
Project("{2150E333-8FDC-42A3-9474-1A3956D46DE8}") = "functional", "functional", "{18FF51DB-B445-4200-830E-EC39C867EBBF}"
EndProject
Project("{2150E333-8FDC-42A3-9474-1A3956D46DE8}") = "unit", "unit", "{B1F6B185-4A30-4A76-B42C-36929242A687}"
EndProject
Project("{2150E333-8FDC-42A3-9474-1A3956D46DE8}") = "aspire", "aspire", "{086DECF2-D9EF-48B0-95FB-894C9A920538}"
EndProject
Project("{9A19103F-16F7-4668-BE54-9A1E7A4F7556}") = "Defaults", "src\aspire\Defaults\Defaults.csproj", "{ADD08F3C-98F8-4A6D-87C2-B8CCB718D70F}"
EndProject
Project("{2150E333-8FDC-42A3-9474-1A3956D46DE8}") = "apis", "apis", "{F9B22BE8-56D8-4411-98C9-4810B54EED2B}"
EndProject
Project("{2150E333-8FDC-42A3-9474-1A3956D46DE8}") = "app", "app", "{D35846CA-6427-42D0-81C8-682E8E4370A3}"
EndProject
Project("{9A19103F-16F7-4668-BE54-9A1E7A4F7556}") = "AppApis", "src\apis\app\AppApis\AppApis.csproj", "{74C2C037-8862-41CE-850C-DF023A79E329}"
EndProject
Project("{2150E333-8FDC-42A3-9474-1A3956D46DE8}") = "admin", "admin", "{1FD655BF-D6C6-4949-BE04-0B4DE9B5D0F2}"
EndProject
Project("{9A19103F-16F7-4668-BE54-9A1E7A4F7556}") = "AdminApis", "src\apis\admin\AdminApis\AdminApis.csproj", "{4038492A-D8E3-49B8-866B-DD048654E31F}"
EndProject
Project("{2150E333-8FDC-42A3-9474-1A3956D46DE8}") = "data", "data", "{1354706F-BFAA-43C7-BB24-52EEFB15CCDB}"
EndProject
Project("{2150E333-8FDC-42A3-9474-1A3956D46DE8}") = "habanerio", "habanerio", "{3E402415-3A06-43E2-BE08-568FC639C028}"
EndProject
Project("{2150E333-8FDC-42A3-9474-1A3956D46DE8}") = "modules", "modules", "{F87EE98F-8588-4AC8-82B5-9BD486542F76}"
EndProject
Project("{9A19103F-16F7-4668-BE54-9A1E7A4F7556}") = "Habanerio.Core", "src\habanerio\Habanerio.Core\Habanerio.Core.csproj", "{ECDBFFE7-9F54-474E-85D2-42AACA8D9EC7}"
EndProject
Project("{9A19103F-16F7-4668-BE54-9A1E7A4F7556}") = "Habanerio.Core.Dbs", "src\habanerio\Habanerio.Core.Dbs\Habanerio.Core.Dbs\Habanerio.Core.Dbs.csproj", "{B759CBEF-2B14-4009-A51A-804B5259B51A}"
EndProject
Project("{9A19103F-16F7-4668-BE54-9A1E7A4F7556}") = "Habanerio.Core.Dbs.EFCore", "src\habanerio\Habanerio.Core.Dbs\Habanerio.Core.Dbs.EFCore\Habanerio.Core.Dbs.EFCore.csproj", "{41530746-3684-48B4-BBD1-1C2ED396E6C7}"
EndProject
Project("{9A19103F-16F7-4668-BE54-9A1E7A4F7556}") = "Habanerio.Core.Dbs.MongoDB.EFCore", "src\habanerio\Habanerio.Core.Dbs\Habanerio.Core.Dbs.MongoDB.EFCore\Habanerio.Core.Dbs.MongoDB.EFCore.csproj", "{CC2DF405-D74B-4B2D-8867-B16D81ECB8CE}"
EndProject
Project("{2150E333-8FDC-42A3-9474-1A3956D46DE8}") = "dbs", "dbs", "{72385873-C488-43D1-AAE2-17BEB1F982AB}"
EndProject
Project("{9A19103F-16F7-4668-BE54-9A1E7A4F7556}") = "Accounts", "src\modules\accounts\Accounts\Accounts.csproj", "{C3173061-4AD6-4BCF-A075-32747FCA4AF2}"
EndProject
Project("{2150E333-8FDC-42A3-9474-1A3956D46DE8}") = "Accounts", "Accounts", "{B7DF304C-7F64-4B36-9D9F-8F97B4F4720B}"
EndProject
Project("{2150E333-8FDC-42A3-9474-1A3956D46DE8}") = "Transactions", "Transactions", "{7058F418-0889-48FC-A939-1AC48056AA6A}"
EndProject
Project("{9A19103F-16F7-4668-BE54-9A1E7A4F7556}") = "Transactions", "src\modules\transactions\Transactions\Transactions.csproj", "{700F1E21-E0A4-4CD1-8A62-C9D394E29FE2}"
EndProject
Project("{2150E333-8FDC-42A3-9474-1A3956D46DE8}") = "Common", "Common", "{99551278-D9CA-44BC-B9F4-A336F4430828}"
EndProject
Project("{9A19103F-16F7-4668-BE54-9A1E7A4F7556}") = "Common", "src\modules\common\Common\Common.csproj", "{982AC20A-5603-483E-B9CE-69C6F0F97B17}"
EndProject
Project("{2150E333-8FDC-42A3-9474-1A3956D46DE8}") = "Categories", "Categories", "{7A664148-6222-43A9-B519-6DBD2E2B0679}"
EndProject
Project("{9A19103F-16F7-4668-BE54-9A1E7A4F7556}") = "Categories", "src\modules\categories\Categories\Categories.csproj", "{8EFEC6AD-E083-4BF0-9CE4-7ED4633FD13A}"
EndProject
Project("{9A19103F-16F7-4668-BE54-9A1E7A4F7556}") = "AppApis", "tests\functional\AppApis\AppApis.csproj", "{46469C5D-499F-4CDC-B9B8-2D94AF8D5933}"
EndProject
Project("{9A19103F-16F7-4668-BE54-9A1E7A4F7556}") = "Tests.Integration.AppApis", "tests\integration\AppApis\Tests.Integration.AppApis.csproj", "{5AC1A26F-214A-4592-8E7A-777982CCD527}"
EndProject
Project("{9A19103F-16F7-4668-BE54-9A1E7A4F7556}") = "AppApis", "tests\unit\AppApis\AppApis.csproj", "{80C22CF4-37F4-4D68-8B41-B41992797056}"
EndProject
Project("{2150E333-8FDC-42A3-9474-1A3956D46DE8}") = "modules", "modules", "{D2F44EA1-DD51-4F56-AAB6-90AF8ACBE53E}"
EndProject
Project("{9A19103F-16F7-4668-BE54-9A1E7A4F7556}") = "Tests.Unit.Modules.Accounts", "tests\unit\modules\Accounts\Tests.Unit.Modules.Accounts.csproj", "{5EF6F337-0092-4B9C-87E5-64863384BABB}"
EndProject
Project("{9A19103F-16F7-4668-BE54-9A1E7A4F7556}") = "Tests.Integration.Modules.Accounts", "tests\integration\Modules\Tests.Integration.Modules.Accounts\Tests.Integration.Modules.Accounts.csproj", "{C65CC3B9-8CD4-4AA6-83B8-BE9D411A3963}"
EndProject
Project("{9A19103F-16F7-4668-BE54-9A1E7A4F7556}") = "Tests.Integration.Common", "tests\integration\Tests.Integration.Common\Tests.Integration.Common.csproj", "{60F8E81F-CEA3-45A8-A41D-AA1F095D44A7}"
EndProject
Project("{9A19103F-16F7-4668-BE54-9A1E7A4F7556}") = "Habanerio.Core.Dbs.MongoDb", "src\habanerio\Habanerio.Core.Dbs\Habanerio.Core.Dbs.MongoDb\Habanerio.Core.Dbs.MongoDb.csproj", "{03D3D176-0943-4905-91E0-F9D612ACC517}"
EndProject
Project("{9A19103F-16F7-4668-BE54-9A1E7A4F7556}") = "AppHost", "src\aspire\AppHost\AppHost.csproj", "{506B3336-A8F8-4304-A158-8C4613CE6595}"
EndProject
Project("{9A19103F-16F7-4668-BE54-9A1E7A4F7556}") = "Tests.Unit.Modules.Transactions", "tests\unit\modules\Transactions\Tests.Unit.Modules.Transactions.csproj", "{0FD055DB-3AFF-4A58-87B1-281931662B32}"
EndProject
Project("{9A19103F-16F7-4668-BE54-9A1E7A4F7556}") = "Tests.Integration.Modules.Transaction", "tests\integration\Modules\Tests.Integration.Modules.Transaction\Tests.Integration.Modules.Transaction.csproj", "{2A78C5EC-CCA0-4D44-8100-DCB4F2FCCD98}"
EndProject
Project("{9A19103F-16F7-4668-BE54-9A1E7A4F7556}") = "Tests.Unit.Modules.Categories", "tests\unit\modules\Categories\Tests.Unit.Modules.Categories.csproj", "{B9BE95F0-9097-4A06-B72C-B88FCB114DEE}"
EndProject
Project("{FAE04EC0-301F-11D3-BF4B-00C04F79EFBC}") = "Tests.Integration.Modules.Categories", "tests\integration\Modules\Tests.Integration.Modules.Categories\Tests.Integration.Modules.Categories.csproj", "{BEFD70BE-6B2C-4106-A282-C65F02A7103F}"
EndProject
Global
	GlobalSection(SolutionConfigurationPlatforms) = preSolution
		Debug|Any CPU = Debug|Any CPU
		Release|Any CPU = Release|Any CPU
	EndGlobalSection
	GlobalSection(ProjectConfigurationPlatforms) = postSolution
		{ADD08F3C-98F8-4A6D-87C2-B8CCB718D70F}.Debug|Any CPU.ActiveCfg = Debug|Any CPU
		{ADD08F3C-98F8-4A6D-87C2-B8CCB718D70F}.Debug|Any CPU.Build.0 = Debug|Any CPU
		{ADD08F3C-98F8-4A6D-87C2-B8CCB718D70F}.Release|Any CPU.ActiveCfg = Release|Any CPU
		{ADD08F3C-98F8-4A6D-87C2-B8CCB718D70F}.Release|Any CPU.Build.0 = Release|Any CPU
		{74C2C037-8862-41CE-850C-DF023A79E329}.Debug|Any CPU.ActiveCfg = Debug|Any CPU
		{74C2C037-8862-41CE-850C-DF023A79E329}.Debug|Any CPU.Build.0 = Debug|Any CPU
		{74C2C037-8862-41CE-850C-DF023A79E329}.Release|Any CPU.ActiveCfg = Release|Any CPU
		{74C2C037-8862-41CE-850C-DF023A79E329}.Release|Any CPU.Build.0 = Release|Any CPU
		{4038492A-D8E3-49B8-866B-DD048654E31F}.Debug|Any CPU.ActiveCfg = Debug|Any CPU
		{4038492A-D8E3-49B8-866B-DD048654E31F}.Debug|Any CPU.Build.0 = Debug|Any CPU
		{4038492A-D8E3-49B8-866B-DD048654E31F}.Release|Any CPU.ActiveCfg = Release|Any CPU
		{4038492A-D8E3-49B8-866B-DD048654E31F}.Release|Any CPU.Build.0 = Release|Any CPU
		{ECDBFFE7-9F54-474E-85D2-42AACA8D9EC7}.Debug|Any CPU.ActiveCfg = Debug|Any CPU
		{ECDBFFE7-9F54-474E-85D2-42AACA8D9EC7}.Debug|Any CPU.Build.0 = Debug|Any CPU
		{ECDBFFE7-9F54-474E-85D2-42AACA8D9EC7}.Release|Any CPU.ActiveCfg = Release|Any CPU
		{ECDBFFE7-9F54-474E-85D2-42AACA8D9EC7}.Release|Any CPU.Build.0 = Release|Any CPU
		{B759CBEF-2B14-4009-A51A-804B5259B51A}.Debug|Any CPU.ActiveCfg = Debug|Any CPU
		{B759CBEF-2B14-4009-A51A-804B5259B51A}.Debug|Any CPU.Build.0 = Debug|Any CPU
		{B759CBEF-2B14-4009-A51A-804B5259B51A}.Release|Any CPU.ActiveCfg = Release|Any CPU
		{B759CBEF-2B14-4009-A51A-804B5259B51A}.Release|Any CPU.Build.0 = Release|Any CPU
		{41530746-3684-48B4-BBD1-1C2ED396E6C7}.Debug|Any CPU.ActiveCfg = Debug|Any CPU
		{41530746-3684-48B4-BBD1-1C2ED396E6C7}.Debug|Any CPU.Build.0 = Debug|Any CPU
		{41530746-3684-48B4-BBD1-1C2ED396E6C7}.Release|Any CPU.ActiveCfg = Release|Any CPU
		{41530746-3684-48B4-BBD1-1C2ED396E6C7}.Release|Any CPU.Build.0 = Release|Any CPU
		{CC2DF405-D74B-4B2D-8867-B16D81ECB8CE}.Debug|Any CPU.ActiveCfg = Debug|Any CPU
		{CC2DF405-D74B-4B2D-8867-B16D81ECB8CE}.Debug|Any CPU.Build.0 = Debug|Any CPU
		{CC2DF405-D74B-4B2D-8867-B16D81ECB8CE}.Release|Any CPU.ActiveCfg = Release|Any CPU
		{CC2DF405-D74B-4B2D-8867-B16D81ECB8CE}.Release|Any CPU.Build.0 = Release|Any CPU
		{C3173061-4AD6-4BCF-A075-32747FCA4AF2}.Debug|Any CPU.ActiveCfg = Debug|Any CPU
		{C3173061-4AD6-4BCF-A075-32747FCA4AF2}.Debug|Any CPU.Build.0 = Debug|Any CPU
		{C3173061-4AD6-4BCF-A075-32747FCA4AF2}.Release|Any CPU.ActiveCfg = Release|Any CPU
		{C3173061-4AD6-4BCF-A075-32747FCA4AF2}.Release|Any CPU.Build.0 = Release|Any CPU
		{700F1E21-E0A4-4CD1-8A62-C9D394E29FE2}.Debug|Any CPU.ActiveCfg = Debug|Any CPU
		{700F1E21-E0A4-4CD1-8A62-C9D394E29FE2}.Debug|Any CPU.Build.0 = Debug|Any CPU
		{700F1E21-E0A4-4CD1-8A62-C9D394E29FE2}.Release|Any CPU.ActiveCfg = Release|Any CPU
		{700F1E21-E0A4-4CD1-8A62-C9D394E29FE2}.Release|Any CPU.Build.0 = Release|Any CPU
		{982AC20A-5603-483E-B9CE-69C6F0F97B17}.Debug|Any CPU.ActiveCfg = Debug|Any CPU
		{982AC20A-5603-483E-B9CE-69C6F0F97B17}.Debug|Any CPU.Build.0 = Debug|Any CPU
		{982AC20A-5603-483E-B9CE-69C6F0F97B17}.Release|Any CPU.ActiveCfg = Release|Any CPU
		{982AC20A-5603-483E-B9CE-69C6F0F97B17}.Release|Any CPU.Build.0 = Release|Any CPU
		{8EFEC6AD-E083-4BF0-9CE4-7ED4633FD13A}.Debug|Any CPU.ActiveCfg = Debug|Any CPU
		{8EFEC6AD-E083-4BF0-9CE4-7ED4633FD13A}.Debug|Any CPU.Build.0 = Debug|Any CPU
		{8EFEC6AD-E083-4BF0-9CE4-7ED4633FD13A}.Release|Any CPU.ActiveCfg = Release|Any CPU
		{8EFEC6AD-E083-4BF0-9CE4-7ED4633FD13A}.Release|Any CPU.Build.0 = Release|Any CPU
		{46469C5D-499F-4CDC-B9B8-2D94AF8D5933}.Debug|Any CPU.ActiveCfg = Debug|Any CPU
		{46469C5D-499F-4CDC-B9B8-2D94AF8D5933}.Debug|Any CPU.Build.0 = Debug|Any CPU
		{46469C5D-499F-4CDC-B9B8-2D94AF8D5933}.Release|Any CPU.ActiveCfg = Release|Any CPU
		{46469C5D-499F-4CDC-B9B8-2D94AF8D5933}.Release|Any CPU.Build.0 = Release|Any CPU
		{5AC1A26F-214A-4592-8E7A-777982CCD527}.Debug|Any CPU.ActiveCfg = Debug|Any CPU
		{5AC1A26F-214A-4592-8E7A-777982CCD527}.Debug|Any CPU.Build.0 = Debug|Any CPU
		{5AC1A26F-214A-4592-8E7A-777982CCD527}.Release|Any CPU.ActiveCfg = Release|Any CPU
		{5AC1A26F-214A-4592-8E7A-777982CCD527}.Release|Any CPU.Build.0 = Release|Any CPU
		{80C22CF4-37F4-4D68-8B41-B41992797056}.Debug|Any CPU.ActiveCfg = Debug|Any CPU
		{80C22CF4-37F4-4D68-8B41-B41992797056}.Debug|Any CPU.Build.0 = Debug|Any CPU
		{80C22CF4-37F4-4D68-8B41-B41992797056}.Release|Any CPU.ActiveCfg = Release|Any CPU
		{80C22CF4-37F4-4D68-8B41-B41992797056}.Release|Any CPU.Build.0 = Release|Any CPU
		{5EF6F337-0092-4B9C-87E5-64863384BABB}.Debug|Any CPU.ActiveCfg = Debug|Any CPU
		{5EF6F337-0092-4B9C-87E5-64863384BABB}.Debug|Any CPU.Build.0 = Debug|Any CPU
		{5EF6F337-0092-4B9C-87E5-64863384BABB}.Release|Any CPU.ActiveCfg = Release|Any CPU
		{5EF6F337-0092-4B9C-87E5-64863384BABB}.Release|Any CPU.Build.0 = Release|Any CPU
		{C65CC3B9-8CD4-4AA6-83B8-BE9D411A3963}.Debug|Any CPU.ActiveCfg = Debug|Any CPU
		{C65CC3B9-8CD4-4AA6-83B8-BE9D411A3963}.Debug|Any CPU.Build.0 = Debug|Any CPU
		{C65CC3B9-8CD4-4AA6-83B8-BE9D411A3963}.Release|Any CPU.ActiveCfg = Release|Any CPU
		{C65CC3B9-8CD4-4AA6-83B8-BE9D411A3963}.Release|Any CPU.Build.0 = Release|Any CPU
		{60F8E81F-CEA3-45A8-A41D-AA1F095D44A7}.Debug|Any CPU.ActiveCfg = Debug|Any CPU
		{60F8E81F-CEA3-45A8-A41D-AA1F095D44A7}.Debug|Any CPU.Build.0 = Debug|Any CPU
		{60F8E81F-CEA3-45A8-A41D-AA1F095D44A7}.Release|Any CPU.ActiveCfg = Release|Any CPU
		{60F8E81F-CEA3-45A8-A41D-AA1F095D44A7}.Release|Any CPU.Build.0 = Release|Any CPU
		{03D3D176-0943-4905-91E0-F9D612ACC517}.Debug|Any CPU.ActiveCfg = Debug|Any CPU
		{03D3D176-0943-4905-91E0-F9D612ACC517}.Debug|Any CPU.Build.0 = Debug|Any CPU
		{03D3D176-0943-4905-91E0-F9D612ACC517}.Release|Any CPU.ActiveCfg = Release|Any CPU
		{03D3D176-0943-4905-91E0-F9D612ACC517}.Release|Any CPU.Build.0 = Release|Any CPU
		{506B3336-A8F8-4304-A158-8C4613CE6595}.Debug|Any CPU.ActiveCfg = Debug|Any CPU
		{506B3336-A8F8-4304-A158-8C4613CE6595}.Debug|Any CPU.Build.0 = Debug|Any CPU
		{506B3336-A8F8-4304-A158-8C4613CE6595}.Release|Any CPU.ActiveCfg = Release|Any CPU
		{506B3336-A8F8-4304-A158-8C4613CE6595}.Release|Any CPU.Build.0 = Release|Any CPU
		{0FD055DB-3AFF-4A58-87B1-281931662B32}.Debug|Any CPU.ActiveCfg = Debug|Any CPU
		{0FD055DB-3AFF-4A58-87B1-281931662B32}.Debug|Any CPU.Build.0 = Debug|Any CPU
		{0FD055DB-3AFF-4A58-87B1-281931662B32}.Release|Any CPU.ActiveCfg = Release|Any CPU
		{0FD055DB-3AFF-4A58-87B1-281931662B32}.Release|Any CPU.Build.0 = Release|Any CPU
		{2A78C5EC-CCA0-4D44-8100-DCB4F2FCCD98}.Debug|Any CPU.ActiveCfg = Debug|Any CPU
		{2A78C5EC-CCA0-4D44-8100-DCB4F2FCCD98}.Debug|Any CPU.Build.0 = Debug|Any CPU
		{2A78C5EC-CCA0-4D44-8100-DCB4F2FCCD98}.Release|Any CPU.ActiveCfg = Release|Any CPU
		{2A78C5EC-CCA0-4D44-8100-DCB4F2FCCD98}.Release|Any CPU.Build.0 = Release|Any CPU
		{B9BE95F0-9097-4A06-B72C-B88FCB114DEE}.Debug|Any CPU.ActiveCfg = Debug|Any CPU
		{B9BE95F0-9097-4A06-B72C-B88FCB114DEE}.Debug|Any CPU.Build.0 = Debug|Any CPU
		{B9BE95F0-9097-4A06-B72C-B88FCB114DEE}.Release|Any CPU.ActiveCfg = Release|Any CPU
		{B9BE95F0-9097-4A06-B72C-B88FCB114DEE}.Release|Any CPU.Build.0 = Release|Any CPU
		{BEFD70BE-6B2C-4106-A282-C65F02A7103F}.Debug|Any CPU.ActiveCfg = Debug|Any CPU
		{BEFD70BE-6B2C-4106-A282-C65F02A7103F}.Debug|Any CPU.Build.0 = Debug|Any CPU
		{BEFD70BE-6B2C-4106-A282-C65F02A7103F}.Release|Any CPU.ActiveCfg = Release|Any CPU
		{BEFD70BE-6B2C-4106-A282-C65F02A7103F}.Release|Any CPU.Build.0 = Release|Any CPU
	EndGlobalSection
	GlobalSection(SolutionProperties) = preSolution
		HideSolutionNode = FALSE
	EndGlobalSection
	GlobalSection(NestedProjects) = preSolution
		{B7FD61DB-F6C7-49EA-B437-1A1B7DBB46D6} = {B9609780-F9CF-4FE5-909C-CABB81114684}
		{18FF51DB-B445-4200-830E-EC39C867EBBF} = {B9609780-F9CF-4FE5-909C-CABB81114684}
		{B1F6B185-4A30-4A76-B42C-36929242A687} = {B9609780-F9CF-4FE5-909C-CABB81114684}
		{ADD08F3C-98F8-4A6D-87C2-B8CCB718D70F} = {086DECF2-D9EF-48B0-95FB-894C9A920538}
		{D35846CA-6427-42D0-81C8-682E8E4370A3} = {F9B22BE8-56D8-4411-98C9-4810B54EED2B}
		{74C2C037-8862-41CE-850C-DF023A79E329} = {D35846CA-6427-42D0-81C8-682E8E4370A3}
		{1FD655BF-D6C6-4949-BE04-0B4DE9B5D0F2} = {F9B22BE8-56D8-4411-98C9-4810B54EED2B}
		{4038492A-D8E3-49B8-866B-DD048654E31F} = {1FD655BF-D6C6-4949-BE04-0B4DE9B5D0F2}
		{ECDBFFE7-9F54-474E-85D2-42AACA8D9EC7} = {3E402415-3A06-43E2-BE08-568FC639C028}
		{B759CBEF-2B14-4009-A51A-804B5259B51A} = {72385873-C488-43D1-AAE2-17BEB1F982AB}
		{41530746-3684-48B4-BBD1-1C2ED396E6C7} = {72385873-C488-43D1-AAE2-17BEB1F982AB}
		{CC2DF405-D74B-4B2D-8867-B16D81ECB8CE} = {72385873-C488-43D1-AAE2-17BEB1F982AB}
		{72385873-C488-43D1-AAE2-17BEB1F982AB} = {3E402415-3A06-43E2-BE08-568FC639C028}
		{C3173061-4AD6-4BCF-A075-32747FCA4AF2} = {B7DF304C-7F64-4B36-9D9F-8F97B4F4720B}
		{B7DF304C-7F64-4B36-9D9F-8F97B4F4720B} = {F87EE98F-8588-4AC8-82B5-9BD486542F76}
		{7058F418-0889-48FC-A939-1AC48056AA6A} = {F87EE98F-8588-4AC8-82B5-9BD486542F76}
		{700F1E21-E0A4-4CD1-8A62-C9D394E29FE2} = {7058F418-0889-48FC-A939-1AC48056AA6A}
		{99551278-D9CA-44BC-B9F4-A336F4430828} = {F87EE98F-8588-4AC8-82B5-9BD486542F76}
		{982AC20A-5603-483E-B9CE-69C6F0F97B17} = {99551278-D9CA-44BC-B9F4-A336F4430828}
		{7A664148-6222-43A9-B519-6DBD2E2B0679} = {F87EE98F-8588-4AC8-82B5-9BD486542F76}
		{8EFEC6AD-E083-4BF0-9CE4-7ED4633FD13A} = {7A664148-6222-43A9-B519-6DBD2E2B0679}
		{46469C5D-499F-4CDC-B9B8-2D94AF8D5933} = {18FF51DB-B445-4200-830E-EC39C867EBBF}
		{5AC1A26F-214A-4592-8E7A-777982CCD527} = {B7FD61DB-F6C7-49EA-B437-1A1B7DBB46D6}
		{80C22CF4-37F4-4D68-8B41-B41992797056} = {B1F6B185-4A30-4A76-B42C-36929242A687}
		{D2F44EA1-DD51-4F56-AAB6-90AF8ACBE53E} = {B1F6B185-4A30-4A76-B42C-36929242A687}
		{5EF6F337-0092-4B9C-87E5-64863384BABB} = {D2F44EA1-DD51-4F56-AAB6-90AF8ACBE53E}
		{C65CC3B9-8CD4-4AA6-83B8-BE9D411A3963} = {B7FD61DB-F6C7-49EA-B437-1A1B7DBB46D6}
		{60F8E81F-CEA3-45A8-A41D-AA1F095D44A7} = {B7FD61DB-F6C7-49EA-B437-1A1B7DBB46D6}
		{03D3D176-0943-4905-91E0-F9D612ACC517} = {72385873-C488-43D1-AAE2-17BEB1F982AB}
		{506B3336-A8F8-4304-A158-8C4613CE6595} = {086DECF2-D9EF-48B0-95FB-894C9A920538}
		{0FD055DB-3AFF-4A58-87B1-281931662B32} = {D2F44EA1-DD51-4F56-AAB6-90AF8ACBE53E}
		{2A78C5EC-CCA0-4D44-8100-DCB4F2FCCD98} = {B7FD61DB-F6C7-49EA-B437-1A1B7DBB46D6}
		{B9BE95F0-9097-4A06-B72C-B88FCB114DEE} = {D2F44EA1-DD51-4F56-AAB6-90AF8ACBE53E}
		{BEFD70BE-6B2C-4106-A282-C65F02A7103F} = {B7FD61DB-F6C7-49EA-B437-1A1B7DBB46D6}
	EndGlobalSection
	GlobalSection(ExtensibilityGlobals) = postSolution
		SolutionGuid = {33A7DC7B-6CCF-4CE8-9C33-2C0041458710}
	EndGlobalSection
EndGlobal
