
Microsoft Visual Studio Solution File, Format Version 12.00
# Visual Studio Version 17
VisualStudioVersion = 17.10.34825.169
MinimumVisualStudioVersion = 10.0.40219.1
Project("{2150E333-8FDC-42A3-9474-1A3956D46DE8}") = "tests", "tests", "{B9609780-F9CF-4FE5-909C-CABB81114684}"
EndProject
Project("{2150E333-8FDC-42A3-9474-1A3956D46DE8}") = "integration", "integration", "{B7FD61DB-F6C7-49EA-B437-1A1B7DBB46D6}"
EndProject
Project("{2150E333-8FDC-42A3-9474-1A3956D46DE8}") = "functional", "functional", "{18FF51DB-B445-4200-830E-EC39C867EBBF}"
EndProject
Project("{2150E333-8FDC-42A3-9474-1A3956D46DE8}") = "unit", "unit", "{B1F6B185-4A30-4A76-B42C-36929242A687}"
EndProject
Project("{2150E333-8FDC-42A3-9474-1A3956D46DE8}") = "aspire", "aspire", "{086DECF2-D9EF-48B0-95FB-894C9A920538}"
EndProject
Project("{9A19103F-16F7-4668-BE54-9A1E7A4F7556}") = "Defaults", "src\aspire\Defaults\Defaults.csproj", "{ADD08F3C-98F8-4A6D-87C2-B8CCB718D70F}"
EndProject
Project("{2150E333-8FDC-42A3-9474-1A3956D46DE8}") = "apis", "apis", "{F9B22BE8-56D8-4411-98C9-4810B54EED2B}"
EndProject
Project("{2150E333-8FDC-42A3-9474-1A3956D46DE8}") = "app", "app", "{D35846CA-6427-42D0-81C8-682E8E4370A3}"
EndProject
Project("{9A19103F-16F7-4668-BE54-9A1E7A4F7556}") = "AppApis", "tests\functional\AppApis\AppApis.csproj", "{46469C5D-499F-4CDC-B9B8-2D94AF8D5933}"
EndProject
Project("{9A19103F-16F7-4668-BE54-9A1E7A4F7556}") = "AppApis", "tests\integration\AppApis\AppApis.csproj", "{5AC1A26F-214A-4592-8E7A-777982CCD527}"
EndProject
Project("{9A19103F-16F7-4668-BE54-9A1E7A4F7556}") = "AppApis", "tests\unit\AppApis\AppApis.csproj", "{80C22CF4-37F4-4D68-8B41-B41992797056}"
EndProject
Project("{9A19103F-16F7-4668-BE54-9A1E7A4F7556}") = "AppHost", "src\aspire\AppHost\AppHost.csproj", "{506B3336-A8F8-4304-A158-8C4613CE6595}"
EndProject
Project("{9A19103F-16F7-4668-BE54-9A1E7A4F7556}") = "Domain", "tests\unit\Domain\Tests.Unit.Domain\Domain.csproj", "{6637836E-55A5-4066-B083-BFD3C0BC32D7}"
EndProject
Project("{2150E333-8FDC-42A3-9474-1A3956D46DE8}") = "transactions", "transactions", "{CB455867-DF09-4183-BD84-4CDC78699DD2}"
EndProject
Project("{2150E333-8FDC-42A3-9474-1A3956D46DE8}") = "payerpayees", "payerpayees", "{9E10D034-6050-4728-AD03-9AC0FC4749AF}"
EndProject
Project("{2150E333-8FDC-42A3-9474-1A3956D46DE8}") = "categories", "categories", "{17DB2EFF-975F-4D88-8616-9104CEEF3357}"
EndProject
Project("{2150E333-8FDC-42A3-9474-1A3956D46DE8}") = "accounts", "accounts", "{DD204CAB-29FB-491D-B91D-AA3ADB2CE04F}"
EndProject
Project("{2150E333-8FDC-42A3-9474-1A3956D46DE8}") = "src", "src", "{BCDC1926-6CE6-4942-8720-3E2DD4B49E0C}"
EndProject
Project("{2150E333-8FDC-42A3-9474-1A3956D46DE8}") = "totals", "totals", "{CB6E2517-659E-41B0-B5B4-87792C637581}"
EndProject
Project("{2150E333-8FDC-42A3-9474-1A3956D46DE8}") = "userprofiles", "userprofiles", "{E0DE14C6-EB88-4194-BE29-DEF01C93A1FF}"
EndProject
Project("{2150E333-8FDC-42A3-9474-1A3956D46DE8}") = "Solution Items", "Solution Items", "{5C7229C3-D77D-4F62-8B78-49445B5368F7}"
	ProjectSection(SolutionItems) = preProject
		.editorconfig = .editorconfig
		.unitTestGeneratorConfig = .unitTestGeneratorConfig
	EndProjectSection
EndProject
Project("{2150E333-8FDC-42A3-9474-1A3956D46DE8}") = "libraries", "libraries", "{E9F64CBA-B89A-45B7-BD8F-E09562F77CDF}"
EndProject
Project("{9A19103F-16F7-4668-BE54-9A1E7A4F7556}") = "Habanerio.Core", "libraries\habanerio\Habanerio.Core\Habanerio.Core.csproj", "{B41E9115-7571-4EDE-A1C2-931C21B103AB}"
EndProject
Project("{2150E333-8FDC-42A3-9474-1A3956D46DE8}") = "db", "db", "{8CA4CB45-E14B-4974-9E4A-86C3B1457D03}"
EndProject
Project("{2150E333-8FDC-42A3-9474-1A3956D46DE8}") = "habanerio", "habanerio", "{E97B22F3-5692-49A3-94FE-CED1157AEBB9}"
EndProject
Project("{9A19103F-16F7-4668-BE54-9A1E7A4F7556}") = "Habanerio.Core.Dbs", "libraries\habanerio\Habanerio.Core.Dbs\Habanerio.Core.Dbs\Habanerio.Core.Dbs.csproj", "{0A194D95-101F-4866-AFD2-81A9C67776A9}"
EndProject
Project("{9A19103F-16F7-4668-BE54-9A1E7A4F7556}") = "Habanerio.Core.Dbs.MongoDb", "libraries\habanerio\Habanerio.Core.Dbs\Habanerio.Core.Dbs.MongoDb\Habanerio.Core.Dbs.MongoDb.csproj", "{D4171340-32DB-4B75-AE4E-082F23EA5FE2}"
EndProject
Project("{2150E333-8FDC-42A3-9474-1A3956D46DE8}") = "ofxsharper", "ofxsharper", "{D8C9B1D5-6FB7-42C2-9D3C-6364714C8DC6}"
EndProject
Project("{9A19103F-16F7-4668-BE54-9A1E7A4F7556}") = "OFXSharper", "libraries\habanerio\Habanerio.OfxSharper\source\OFXSharper\OFXSharper.csproj", "{B30DB470-EBAA-4277-B570-E44582021A13}"
EndProject
Project("{9A19103F-16F7-4668-BE54-9A1E7A4F7556}") = "OFXSharper.Tests", "libraries\habanerio\Habanerio.OFXSharper\source\OFXSharper.Tests\OFXSharper.Tests.csproj", "{FDE8EA72-C3C2-4A78-B428-32415225EF95}"
EndProject
Project("{9A19103F-16F7-4668-BE54-9A1E7A4F7556}") = "AppApis", "src\apis\app\AppApis.csproj", "{F8ECE14B-2F19-46CE-8F5B-AEB883C23BAB}"
EndProject
Project("{9A19103F-16F7-4668-BE54-9A1E7A4F7556}") = "Application", "src\accounts\Application\Application.csproj", "{852F4E9D-2641-4961-88F4-EC232D5229D6}"
EndProject
Project("{9A19103F-16F7-4668-BE54-9A1E7A4F7556}") = "Domain", "src\accounts\Domain\Domain.csproj", "{A65D149D-8C40-47E5-B38D-4950074974B7}"
EndProject
Project("{9A19103F-16F7-4668-BE54-9A1E7A4F7556}") = "Infrastructure", "src\accounts\Infrastructure\Infrastructure.csproj", "{22651453-9E67-46FF-A889-4153F7415010}"
EndProject
Project("{9A19103F-16F7-4668-BE54-9A1E7A4F7556}") = "Application", "src\categories\Application\Application.csproj", "{ACBDF603-D3B0-4678-ADE8-3E970894854E}"
EndProject
Project("{9A19103F-16F7-4668-BE54-9A1E7A4F7556}") = "Domain", "src\categories\Domain\Domain.csproj", "{FD924B42-4D25-4CEC-AFF3-410CD4B9F9EE}"
EndProject
Project("{9A19103F-16F7-4668-BE54-9A1E7A4F7556}") = "Infrastructure", "src\categories\Infrastructure\Infrastructure.csproj", "{9A177745-3471-401D-B8C0-B20A94D14219}"
EndProject
Project("{9A19103F-16F7-4668-BE54-9A1E7A4F7556}") = "Application", "src\totals\Application\Application.csproj", "{22AC1C17-DBAE-41B7-969A-5A97CAEC84A6}"
EndProject
Project("{9A19103F-16F7-4668-BE54-9A1E7A4F7556}") = "Domain", "src\totals\Domain\Domain.csproj", "{E4F82C0F-31AE-404C-8E90-649B4EF3F69E}"
EndProject
Project("{9A19103F-16F7-4668-BE54-9A1E7A4F7556}") = "Infrastructure", "src\totals\Infrastructure\Infrastructure.csproj", "{A5AD2333-1068-4584-B608-B3D0F8BF1FF9}"
EndProject
Project("{9A19103F-16F7-4668-BE54-9A1E7A4F7556}") = "Application", "src\transactions\Application\Application.csproj", "{567BCBBC-6375-4523-90D0-B8DCEED4A4D2}"
EndProject
Project("{9A19103F-16F7-4668-BE54-9A1E7A4F7556}") = "Domain", "src\transactions\Domain\Domain.csproj", "{510E9EA7-E87B-44CA-89B9-9AC790D1A829}"
EndProject
Project("{9A19103F-16F7-4668-BE54-9A1E7A4F7556}") = "Infrastructure", "src\transactions\Infrastructure\Infrastructure.csproj", "{31E796D3-20FB-44E4-A15D-DDF2521167AD}"
EndProject
Project("{9A19103F-16F7-4668-BE54-9A1E7A4F7556}") = "Application", "src\userprofiles\Application\Application.csproj", "{74C1A238-5550-4CC5-BF6A-7DF22518AF94}"
EndProject
Project("{9A19103F-16F7-4668-BE54-9A1E7A4F7556}") = "Domain", "src\userprofiles\Domain\Domain.csproj", "{0B52FF79-4A37-4A86-B32E-A430C6DA1519}"
EndProject
Project("{9A19103F-16F7-4668-BE54-9A1E7A4F7556}") = "Infrastructure", "src\userprofiles\Infrastructure\Infrastructure.csproj", "{4111AFDC-9E5A-4249-801C-5F3FF84C58AE}"
EndProject
Project("{2150E333-8FDC-42A3-9474-1A3956D46DE8}") = "shared", "shared", "{85BAE0C4-454E-465F-868B-AAFFFEB2ACF6}"
EndProject
Project("{9A19103F-16F7-4668-BE54-9A1E7A4F7556}") = "Application", "src\payerpayees\Application\Application.csproj", "{C3C7FF8B-B680-4323-8D2D-C14E68E77D7B}"
EndProject
Project("{9A19103F-16F7-4668-BE54-9A1E7A4F7556}") = "Domain", "src\payerpayees\Domain\Domain.csproj", "{6255705B-D3D5-4D21-8B75-3545AB387426}"
EndProject
Project("{9A19103F-16F7-4668-BE54-9A1E7A4F7556}") = "Infrastructure", "src\payerpayees\Infrastructure\Infrastructure.csproj", "{9B77B230-C600-43A0-9CB1-E99551EC1055}"
EndProject
Project("{9A19103F-16F7-4668-BE54-9A1E7A4F7556}") = "Shared", "src\shared\Shared\Shared.csproj", "{75BE8A37-BEF6-455B-B0E4-C5B00B38E519}"
EndProject
Global
	GlobalSection(SolutionConfigurationPlatforms) = preSolution
		Debug|Any CPU = Debug|Any CPU
		Release|Any CPU = Release|Any CPU
	EndGlobalSection
	GlobalSection(ProjectConfigurationPlatforms) = postSolution
		{ADD08F3C-98F8-4A6D-87C2-B8CCB718D70F}.Debug|Any CPU.ActiveCfg = Debug|Any CPU
		{ADD08F3C-98F8-4A6D-87C2-B8CCB718D70F}.Debug|Any CPU.Build.0 = Debug|Any CPU
		{ADD08F3C-98F8-4A6D-87C2-B8CCB718D70F}.Release|Any CPU.ActiveCfg = Release|Any CPU
		{ADD08F3C-98F8-4A6D-87C2-B8CCB718D70F}.Release|Any CPU.Build.0 = Release|Any CPU
		{46469C5D-499F-4CDC-B9B8-2D94AF8D5933}.Debug|Any CPU.ActiveCfg = Debug|Any CPU
		{46469C5D-499F-4CDC-B9B8-2D94AF8D5933}.Debug|Any CPU.Build.0 = Debug|Any CPU
		{46469C5D-499F-4CDC-B9B8-2D94AF8D5933}.Release|Any CPU.ActiveCfg = Release|Any CPU
		{46469C5D-499F-4CDC-B9B8-2D94AF8D5933}.Release|Any CPU.Build.0 = Release|Any CPU
		{5AC1A26F-214A-4592-8E7A-777982CCD527}.Debug|Any CPU.ActiveCfg = Debug|Any CPU
		{5AC1A26F-214A-4592-8E7A-777982CCD527}.Debug|Any CPU.Build.0 = Debug|Any CPU
		{5AC1A26F-214A-4592-8E7A-777982CCD527}.Release|Any CPU.ActiveCfg = Release|Any CPU
		{5AC1A26F-214A-4592-8E7A-777982CCD527}.Release|Any CPU.Build.0 = Release|Any CPU
		{80C22CF4-37F4-4D68-8B41-B41992797056}.Debug|Any CPU.ActiveCfg = Debug|Any CPU
		{80C22CF4-37F4-4D68-8B41-B41992797056}.Debug|Any CPU.Build.0 = Debug|Any CPU
		{80C22CF4-37F4-4D68-8B41-B41992797056}.Release|Any CPU.ActiveCfg = Release|Any CPU
		{80C22CF4-37F4-4D68-8B41-B41992797056}.Release|Any CPU.Build.0 = Release|Any CPU
		{506B3336-A8F8-4304-A158-8C4613CE6595}.Debug|Any CPU.ActiveCfg = Debug|Any CPU
		{506B3336-A8F8-4304-A158-8C4613CE6595}.Debug|Any CPU.Build.0 = Debug|Any CPU
		{506B3336-A8F8-4304-A158-8C4613CE6595}.Release|Any CPU.ActiveCfg = Release|Any CPU
		{506B3336-A8F8-4304-A158-8C4613CE6595}.Release|Any CPU.Build.0 = Release|Any CPU
		{6637836E-55A5-4066-B083-BFD3C0BC32D7}.Debug|Any CPU.ActiveCfg = Debug|Any CPU
		{6637836E-55A5-4066-B083-BFD3C0BC32D7}.Debug|Any CPU.Build.0 = Debug|Any CPU
		{6637836E-55A5-4066-B083-BFD3C0BC32D7}.Release|Any CPU.ActiveCfg = Release|Any CPU
		{6637836E-55A5-4066-B083-BFD3C0BC32D7}.Release|Any CPU.Build.0 = Release|Any CPU
		{B41E9115-7571-4EDE-A1C2-931C21B103AB}.Debug|Any CPU.ActiveCfg = Debug|Any CPU
		{B41E9115-7571-4EDE-A1C2-931C21B103AB}.Debug|Any CPU.Build.0 = Debug|Any CPU
		{B41E9115-7571-4EDE-A1C2-931C21B103AB}.Release|Any CPU.ActiveCfg = Release|Any CPU
		{B41E9115-7571-4EDE-A1C2-931C21B103AB}.Release|Any CPU.Build.0 = Release|Any CPU
		{0A194D95-101F-4866-AFD2-81A9C67776A9}.Debug|Any CPU.ActiveCfg = Debug|Any CPU
		{0A194D95-101F-4866-AFD2-81A9C67776A9}.Debug|Any CPU.Build.0 = Debug|Any CPU
		{0A194D95-101F-4866-AFD2-81A9C67776A9}.Release|Any CPU.ActiveCfg = Release|Any CPU
		{0A194D95-101F-4866-AFD2-81A9C67776A9}.Release|Any CPU.Build.0 = Release|Any CPU
		{D4171340-32DB-4B75-AE4E-082F23EA5FE2}.Debug|Any CPU.ActiveCfg = Debug|Any CPU
		{D4171340-32DB-4B75-AE4E-082F23EA5FE2}.Debug|Any CPU.Build.0 = Debug|Any CPU
		{D4171340-32DB-4B75-AE4E-082F23EA5FE2}.Release|Any CPU.ActiveCfg = Release|Any CPU
		{D4171340-32DB-4B75-AE4E-082F23EA5FE2}.Release|Any CPU.Build.0 = Release|Any CPU
		{B30DB470-EBAA-4277-B570-E44582021A13}.Debug|Any CPU.ActiveCfg = Debug|Any CPU
		{B30DB470-EBAA-4277-B570-E44582021A13}.Debug|Any CPU.Build.0 = Debug|Any CPU
		{B30DB470-EBAA-4277-B570-E44582021A13}.Release|Any CPU.ActiveCfg = Release|Any CPU
		{B30DB470-EBAA-4277-B570-E44582021A13}.Release|Any CPU.Build.0 = Release|Any CPU
		{FDE8EA72-C3C2-4A78-B428-32415225EF95}.Debug|Any CPU.ActiveCfg = Debug|Any CPU
		{FDE8EA72-C3C2-4A78-B428-32415225EF95}.Debug|Any CPU.Build.0 = Debug|Any CPU
		{FDE8EA72-C3C2-4A78-B428-32415225EF95}.Release|Any CPU.ActiveCfg = Release|Any CPU
		{FDE8EA72-C3C2-4A78-B428-32415225EF95}.Release|Any CPU.Build.0 = Release|Any CPU
		{F8ECE14B-2F19-46CE-8F5B-AEB883C23BAB}.Debug|Any CPU.ActiveCfg = Debug|Any CPU
		{F8ECE14B-2F19-46CE-8F5B-AEB883C23BAB}.Debug|Any CPU.Build.0 = Debug|Any CPU
		{F8ECE14B-2F19-46CE-8F5B-AEB883C23BAB}.Release|Any CPU.ActiveCfg = Release|Any CPU
		{F8ECE14B-2F19-46CE-8F5B-AEB883C23BAB}.Release|Any CPU.Build.0 = Release|Any CPU
		{852F4E9D-2641-4961-88F4-EC232D5229D6}.Debug|Any CPU.ActiveCfg = Debug|Any CPU
		{852F4E9D-2641-4961-88F4-EC232D5229D6}.Debug|Any CPU.Build.0 = Debug|Any CPU
		{852F4E9D-2641-4961-88F4-EC232D5229D6}.Release|Any CPU.ActiveCfg = Release|Any CPU
		{852F4E9D-2641-4961-88F4-EC232D5229D6}.Release|Any CPU.Build.0 = Release|Any CPU
		{A65D149D-8C40-47E5-B38D-4950074974B7}.Debug|Any CPU.ActiveCfg = Debug|Any CPU
		{A65D149D-8C40-47E5-B38D-4950074974B7}.Debug|Any CPU.Build.0 = Debug|Any CPU
		{A65D149D-8C40-47E5-B38D-4950074974B7}.Release|Any CPU.ActiveCfg = Release|Any CPU
		{A65D149D-8C40-47E5-B38D-4950074974B7}.Release|Any CPU.Build.0 = Release|Any CPU
		{22651453-9E67-46FF-A889-4153F7415010}.Debug|Any CPU.ActiveCfg = Debug|Any CPU
		{22651453-9E67-46FF-A889-4153F7415010}.Debug|Any CPU.Build.0 = Debug|Any CPU
		{22651453-9E67-46FF-A889-4153F7415010}.Release|Any CPU.ActiveCfg = Release|Any CPU
		{22651453-9E67-46FF-A889-4153F7415010}.Release|Any CPU.Build.0 = Release|Any CPU
		{ACBDF603-D3B0-4678-ADE8-3E970894854E}.Debug|Any CPU.ActiveCfg = Debug|Any CPU
		{ACBDF603-D3B0-4678-ADE8-3E970894854E}.Debug|Any CPU.Build.0 = Debug|Any CPU
		{ACBDF603-D3B0-4678-ADE8-3E970894854E}.Release|Any CPU.ActiveCfg = Release|Any CPU
		{ACBDF603-D3B0-4678-ADE8-3E970894854E}.Release|Any CPU.Build.0 = Release|Any CPU
		{FD924B42-4D25-4CEC-AFF3-410CD4B9F9EE}.Debug|Any CPU.ActiveCfg = Debug|Any CPU
		{FD924B42-4D25-4CEC-AFF3-410CD4B9F9EE}.Debug|Any CPU.Build.0 = Debug|Any CPU
		{FD924B42-4D25-4CEC-AFF3-410CD4B9F9EE}.Release|Any CPU.ActiveCfg = Release|Any CPU
		{FD924B42-4D25-4CEC-AFF3-410CD4B9F9EE}.Release|Any CPU.Build.0 = Release|Any CPU
		{9A177745-3471-401D-B8C0-B20A94D14219}.Debug|Any CPU.ActiveCfg = Debug|Any CPU
		{9A177745-3471-401D-B8C0-B20A94D14219}.Debug|Any CPU.Build.0 = Debug|Any CPU
		{9A177745-3471-401D-B8C0-B20A94D14219}.Release|Any CPU.ActiveCfg = Release|Any CPU
		{9A177745-3471-401D-B8C0-B20A94D14219}.Release|Any CPU.Build.0 = Release|Any CPU
		{22AC1C17-DBAE-41B7-969A-5A97CAEC84A6}.Debug|Any CPU.ActiveCfg = Debug|Any CPU
		{22AC1C17-DBAE-41B7-969A-5A97CAEC84A6}.Debug|Any CPU.Build.0 = Debug|Any CPU
		{22AC1C17-DBAE-41B7-969A-5A97CAEC84A6}.Release|Any CPU.ActiveCfg = Release|Any CPU
		{22AC1C17-DBAE-41B7-969A-5A97CAEC84A6}.Release|Any CPU.Build.0 = Release|Any CPU
		{E4F82C0F-31AE-404C-8E90-649B4EF3F69E}.Debug|Any CPU.ActiveCfg = Debug|Any CPU
		{E4F82C0F-31AE-404C-8E90-649B4EF3F69E}.Debug|Any CPU.Build.0 = Debug|Any CPU
		{E4F82C0F-31AE-404C-8E90-649B4EF3F69E}.Release|Any CPU.ActiveCfg = Release|Any CPU
		{E4F82C0F-31AE-404C-8E90-649B4EF3F69E}.Release|Any CPU.Build.0 = Release|Any CPU
		{A5AD2333-1068-4584-B608-B3D0F8BF1FF9}.Debug|Any CPU.ActiveCfg = Debug|Any CPU
		{A5AD2333-1068-4584-B608-B3D0F8BF1FF9}.Debug|Any CPU.Build.0 = Debug|Any CPU
		{A5AD2333-1068-4584-B608-B3D0F8BF1FF9}.Release|Any CPU.ActiveCfg = Release|Any CPU
		{A5AD2333-1068-4584-B608-B3D0F8BF1FF9}.Release|Any CPU.Build.0 = Release|Any CPU
		{567BCBBC-6375-4523-90D0-B8DCEED4A4D2}.Debug|Any CPU.ActiveCfg = Debug|Any CPU
		{567BCBBC-6375-4523-90D0-B8DCEED4A4D2}.Debug|Any CPU.Build.0 = Debug|Any CPU
		{567BCBBC-6375-4523-90D0-B8DCEED4A4D2}.Release|Any CPU.ActiveCfg = Release|Any CPU
		{567BCBBC-6375-4523-90D0-B8DCEED4A4D2}.Release|Any CPU.Build.0 = Release|Any CPU
		{510E9EA7-E87B-44CA-89B9-9AC790D1A829}.Debug|Any CPU.ActiveCfg = Debug|Any CPU
		{510E9EA7-E87B-44CA-89B9-9AC790D1A829}.Debug|Any CPU.Build.0 = Debug|Any CPU
		{510E9EA7-E87B-44CA-89B9-9AC790D1A829}.Release|Any CPU.ActiveCfg = Release|Any CPU
		{510E9EA7-E87B-44CA-89B9-9AC790D1A829}.Release|Any CPU.Build.0 = Release|Any CPU
		{31E796D3-20FB-44E4-A15D-DDF2521167AD}.Debug|Any CPU.ActiveCfg = Debug|Any CPU
		{31E796D3-20FB-44E4-A15D-DDF2521167AD}.Debug|Any CPU.Build.0 = Debug|Any CPU
		{31E796D3-20FB-44E4-A15D-DDF2521167AD}.Release|Any CPU.ActiveCfg = Release|Any CPU
		{31E796D3-20FB-44E4-A15D-DDF2521167AD}.Release|Any CPU.Build.0 = Release|Any CPU
		{74C1A238-5550-4CC5-BF6A-7DF22518AF94}.Debug|Any CPU.ActiveCfg = Debug|Any CPU
		{74C1A238-5550-4CC5-BF6A-7DF22518AF94}.Debug|Any CPU.Build.0 = Debug|Any CPU
		{74C1A238-5550-4CC5-BF6A-7DF22518AF94}.Release|Any CPU.ActiveCfg = Release|Any CPU
		{74C1A238-5550-4CC5-BF6A-7DF22518AF94}.Release|Any CPU.Build.0 = Release|Any CPU
		{0B52FF79-4A37-4A86-B32E-A430C6DA1519}.Debug|Any CPU.ActiveCfg = Debug|Any CPU
		{0B52FF79-4A37-4A86-B32E-A430C6DA1519}.Debug|Any CPU.Build.0 = Debug|Any CPU
		{0B52FF79-4A37-4A86-B32E-A430C6DA1519}.Release|Any CPU.ActiveCfg = Release|Any CPU
		{0B52FF79-4A37-4A86-B32E-A430C6DA1519}.Release|Any CPU.Build.0 = Release|Any CPU
		{4111AFDC-9E5A-4249-801C-5F3FF84C58AE}.Debug|Any CPU.ActiveCfg = Debug|Any CPU
		{4111AFDC-9E5A-4249-801C-5F3FF84C58AE}.Debug|Any CPU.Build.0 = Debug|Any CPU
		{4111AFDC-9E5A-4249-801C-5F3FF84C58AE}.Release|Any CPU.ActiveCfg = Release|Any CPU
		{4111AFDC-9E5A-4249-801C-5F3FF84C58AE}.Release|Any CPU.Build.0 = Release|Any CPU
		{C3C7FF8B-B680-4323-8D2D-C14E68E77D7B}.Debug|Any CPU.ActiveCfg = Debug|Any CPU
		{C3C7FF8B-B680-4323-8D2D-C14E68E77D7B}.Debug|Any CPU.Build.0 = Debug|Any CPU
		{C3C7FF8B-B680-4323-8D2D-C14E68E77D7B}.Release|Any CPU.ActiveCfg = Release|Any CPU
		{C3C7FF8B-B680-4323-8D2D-C14E68E77D7B}.Release|Any CPU.Build.0 = Release|Any CPU
		{6255705B-D3D5-4D21-8B75-3545AB387426}.Debug|Any CPU.ActiveCfg = Debug|Any CPU
		{6255705B-D3D5-4D21-8B75-3545AB387426}.Debug|Any CPU.Build.0 = Debug|Any CPU
		{6255705B-D3D5-4D21-8B75-3545AB387426}.Release|Any CPU.ActiveCfg = Release|Any CPU
		{6255705B-D3D5-4D21-8B75-3545AB387426}.Release|Any CPU.Build.0 = Release|Any CPU
		{9B77B230-C600-43A0-9CB1-E99551EC1055}.Debug|Any CPU.ActiveCfg = Debug|Any CPU
		{9B77B230-C600-43A0-9CB1-E99551EC1055}.Debug|Any CPU.Build.0 = Debug|Any CPU
		{9B77B230-C600-43A0-9CB1-E99551EC1055}.Release|Any CPU.ActiveCfg = Release|Any CPU
		{9B77B230-C600-43A0-9CB1-E99551EC1055}.Release|Any CPU.Build.0 = Release|Any CPU
		{75BE8A37-BEF6-455B-B0E4-C5B00B38E519}.Debug|Any CPU.ActiveCfg = Debug|Any CPU
		{75BE8A37-BEF6-455B-B0E4-C5B00B38E519}.Debug|Any CPU.Build.0 = Debug|Any CPU
		{75BE8A37-BEF6-455B-B0E4-C5B00B38E519}.Release|Any CPU.ActiveCfg = Release|Any CPU
		{75BE8A37-BEF6-455B-B0E4-C5B00B38E519}.Release|Any CPU.Build.0 = Release|Any CPU
	EndGlobalSection
	GlobalSection(SolutionProperties) = preSolution
		HideSolutionNode = FALSE
	EndGlobalSection
	GlobalSection(NestedProjects) = preSolution
		{B7FD61DB-F6C7-49EA-B437-1A1B7DBB46D6} = {B9609780-F9CF-4FE5-909C-CABB81114684}
		{18FF51DB-B445-4200-830E-EC39C867EBBF} = {B9609780-F9CF-4FE5-909C-CABB81114684}
		{B1F6B185-4A30-4A76-B42C-36929242A687} = {B9609780-F9CF-4FE5-909C-CABB81114684}
		{086DECF2-D9EF-48B0-95FB-894C9A920538} = {BCDC1926-6CE6-4942-8720-3E2DD4B49E0C}
		{ADD08F3C-98F8-4A6D-87C2-B8CCB718D70F} = {086DECF2-D9EF-48B0-95FB-894C9A920538}
		{F9B22BE8-56D8-4411-98C9-4810B54EED2B} = {BCDC1926-6CE6-4942-8720-3E2DD4B49E0C}
		{D35846CA-6427-42D0-81C8-682E8E4370A3} = {F9B22BE8-56D8-4411-98C9-4810B54EED2B}
		{46469C5D-499F-4CDC-B9B8-2D94AF8D5933} = {18FF51DB-B445-4200-830E-EC39C867EBBF}
		{5AC1A26F-214A-4592-8E7A-777982CCD527} = {B7FD61DB-F6C7-49EA-B437-1A1B7DBB46D6}
		{80C22CF4-37F4-4D68-8B41-B41992797056} = {B1F6B185-4A30-4A76-B42C-36929242A687}
		{506B3336-A8F8-4304-A158-8C4613CE6595} = {086DECF2-D9EF-48B0-95FB-894C9A920538}
		{6637836E-55A5-4066-B083-BFD3C0BC32D7} = {B1F6B185-4A30-4A76-B42C-36929242A687}
		{CB455867-DF09-4183-BD84-4CDC78699DD2} = {BCDC1926-6CE6-4942-8720-3E2DD4B49E0C}
		{9E10D034-6050-4728-AD03-9AC0FC4749AF} = {BCDC1926-6CE6-4942-8720-3E2DD4B49E0C}
		{17DB2EFF-975F-4D88-8616-9104CEEF3357} = {BCDC1926-6CE6-4942-8720-3E2DD4B49E0C}
		{DD204CAB-29FB-491D-B91D-AA3ADB2CE04F} = {BCDC1926-6CE6-4942-8720-3E2DD4B49E0C}
		{CB6E2517-659E-41B0-B5B4-87792C637581} = {BCDC1926-6CE6-4942-8720-3E2DD4B49E0C}
		{E0DE14C6-EB88-4194-BE29-DEF01C93A1FF} = {BCDC1926-6CE6-4942-8720-3E2DD4B49E0C}
		{B41E9115-7571-4EDE-A1C2-931C21B103AB} = {E97B22F3-5692-49A3-94FE-CED1157AEBB9}
		{8CA4CB45-E14B-4974-9E4A-86C3B1457D03} = {E97B22F3-5692-49A3-94FE-CED1157AEBB9}
		{E97B22F3-5692-49A3-94FE-CED1157AEBB9} = {E9F64CBA-B89A-45B7-BD8F-E09562F77CDF}
		{0A194D95-101F-4866-AFD2-81A9C67776A9} = {8CA4CB45-E14B-4974-9E4A-86C3B1457D03}
		{D4171340-32DB-4B75-AE4E-082F23EA5FE2} = {8CA4CB45-E14B-4974-9E4A-86C3B1457D03}
		{D8C9B1D5-6FB7-42C2-9D3C-6364714C8DC6} = {E97B22F3-5692-49A3-94FE-CED1157AEBB9}
		{B30DB470-EBAA-4277-B570-E44582021A13} = {D8C9B1D5-6FB7-42C2-9D3C-6364714C8DC6}
		{FDE8EA72-C3C2-4A78-B428-32415225EF95} = {D8C9B1D5-6FB7-42C2-9D3C-6364714C8DC6}
		{F8ECE14B-2F19-46CE-8F5B-AEB883C23BAB} = {D35846CA-6427-42D0-81C8-682E8E4370A3}
		{852F4E9D-2641-4961-88F4-EC232D5229D6} = {DD204CAB-29FB-491D-B91D-AA3ADB2CE04F}
		{A65D149D-8C40-47E5-B38D-4950074974B7} = {DD204CAB-29FB-491D-B91D-AA3ADB2CE04F}
		{22651453-9E67-46FF-A889-4153F7415010} = {DD204CAB-29FB-491D-B91D-AA3ADB2CE04F}
		{ACBDF603-D3B0-4678-ADE8-3E970894854E} = {17DB2EFF-975F-4D88-8616-9104CEEF3357}
		{FD924B42-4D25-4CEC-AFF3-410CD4B9F9EE} = {17DB2EFF-975F-4D88-8616-9104CEEF3357}
		{9A177745-3471-401D-B8C0-B20A94D14219} = {17DB2EFF-975F-4D88-8616-9104CEEF3357}
		{22AC1C17-DBAE-41B7-969A-5A97CAEC84A6} = {CB6E2517-659E-41B0-B5B4-87792C637581}
		{E4F82C0F-31AE-404C-8E90-649B4EF3F69E} = {CB6E2517-659E-41B0-B5B4-87792C637581}
		{A5AD2333-1068-4584-B608-B3D0F8BF1FF9} = {CB6E2517-659E-41B0-B5B4-87792C637581}
		{567BCBBC-6375-4523-90D0-B8DCEED4A4D2} = {CB455867-DF09-4183-BD84-4CDC78699DD2}
		{510E9EA7-E87B-44CA-89B9-9AC790D1A829} = {CB455867-DF09-4183-BD84-4CDC78699DD2}
		{31E796D3-20FB-44E4-A15D-DDF2521167AD} = {CB455867-DF09-4183-BD84-4CDC78699DD2}
		{74C1A238-5550-4CC5-BF6A-7DF22518AF94} = {E0DE14C6-EB88-4194-BE29-DEF01C93A1FF}
		{0B52FF79-4A37-4A86-B32E-A430C6DA1519} = {E0DE14C6-EB88-4194-BE29-DEF01C93A1FF}
		{4111AFDC-9E5A-4249-801C-5F3FF84C58AE} = {E0DE14C6-EB88-4194-BE29-DEF01C93A1FF}
		{85BAE0C4-454E-465F-868B-AAFFFEB2ACF6} = {BCDC1926-6CE6-4942-8720-3E2DD4B49E0C}
		{C3C7FF8B-B680-4323-8D2D-C14E68E77D7B} = {9E10D034-6050-4728-AD03-9AC0FC4749AF}
		{6255705B-D3D5-4D21-8B75-3545AB387426} = {9E10D034-6050-4728-AD03-9AC0FC4749AF}
		{9B77B230-C600-43A0-9CB1-E99551EC1055} = {9E10D034-6050-4728-AD03-9AC0FC4749AF}
		{75BE8A37-BEF6-455B-B0E4-C5B00B38E519} = {85BAE0C4-454E-465F-868B-AAFFFEB2ACF6}
	EndGlobalSection
	GlobalSection(ExtensibilityGlobals) = postSolution
		SolutionGuid = {33A7DC7B-6CCF-4CE8-9C33-2C0041458710}
	EndGlobalSection
EndGlobal
