
Microsoft Visual Studio Solution File, Format Version 12.00
# Visual Studio Version 17
VisualStudioVersion = 17.10.34825.169
MinimumVisualStudioVersion = 10.0.40219.1
Project("{2150E333-8FDC-42A3-9474-1A3956D46DE8}") = "tests", "tests", "{B9609780-F9CF-4FE5-909C-CABB81114684}"
EndProject
Project("{2150E333-8FDC-42A3-9474-1A3956D46DE8}") = "integration", "integration", "{B7FD61DB-F6C7-49EA-B437-1A1B7DBB46D6}"
EndProject
Project("{2150E333-8FDC-42A3-9474-1A3956D46DE8}") = "functional", "functional", "{18FF51DB-B445-4200-830E-EC39C867EBBF}"
EndProject
Project("{2150E333-8FDC-42A3-9474-1A3956D46DE8}") = "unit", "unit", "{B1F6B185-4A30-4A76-B42C-36929242A687}"
EndProject
Project("{2150E333-8FDC-42A3-9474-1A3956D46DE8}") = "aspire", "aspire", "{086DECF2-D9EF-48B0-95FB-894C9A920538}"
EndProject
Project("{9A19103F-16F7-4668-BE54-9A1E7A4F7556}") = "Defaults", "src\aspire\Defaults\Defaults.csproj", "{ADD08F3C-98F8-4A6D-87C2-B8CCB718D70F}"
EndProject
Project("{2150E333-8FDC-42A3-9474-1A3956D46DE8}") = "apis", "apis", "{F9B22BE8-56D8-4411-98C9-4810B54EED2B}"
EndProject
Project("{2150E333-8FDC-42A3-9474-1A3956D46DE8}") = "app", "app", "{D35846CA-6427-42D0-81C8-682E8E4370A3}"
EndProject
Project("{9A19103F-16F7-4668-BE54-9A1E7A4F7556}") = "AppApis", "src\apis\app\AppApis\AppApis.csproj", "{74C2C037-8862-41CE-850C-DF023A79E329}"
EndProject
Project("{2150E333-8FDC-42A3-9474-1A3956D46DE8}") = "admin", "admin", "{1FD655BF-D6C6-4949-BE04-0B4DE9B5D0F2}"
EndProject
Project("{9A19103F-16F7-4668-BE54-9A1E7A4F7556}") = "AdminApis", "src\apis\admin\AdminApis\AdminApis.csproj", "{4038492A-D8E3-49B8-866B-DD048654E31F}"
EndProject
Project("{2150E333-8FDC-42A3-9474-1A3956D46DE8}") = "habanerio", "habanerio", "{3E402415-3A06-43E2-BE08-568FC639C028}"
EndProject
Project("{9A19103F-16F7-4668-BE54-9A1E7A4F7556}") = "Habanerio.Core", "src\habanerio\Habanerio.Core\Habanerio.Core.csproj", "{ECDBFFE7-9F54-474E-85D2-42AACA8D9EC7}"
EndProject
Project("{9A19103F-16F7-4668-BE54-9A1E7A4F7556}") = "Habanerio.Core.Dbs", "src\habanerio\Habanerio.Core.Dbs\Habanerio.Core.Dbs\Habanerio.Core.Dbs.csproj", "{B759CBEF-2B14-4009-A51A-804B5259B51A}"
EndProject
Project("{2150E333-8FDC-42A3-9474-1A3956D46DE8}") = "dbs", "dbs", "{72385873-C488-43D1-AAE2-17BEB1F982AB}"
EndProject
Project("{9A19103F-16F7-4668-BE54-9A1E7A4F7556}") = "AppApis", "tests\functional\AppApis\AppApis.csproj", "{46469C5D-499F-4CDC-B9B8-2D94AF8D5933}"
EndProject
Project("{9A19103F-16F7-4668-BE54-9A1E7A4F7556}") = "Tests.Integration.AppApis", "tests\integration\AppApis\Tests.Integration.AppApis.csproj", "{5AC1A26F-214A-4592-8E7A-777982CCD527}"
EndProject
Project("{9A19103F-16F7-4668-BE54-9A1E7A4F7556}") = "Tests.Unit.AppApis", "tests\unit\AppApis\Tests.Unit.AppApis.csproj", "{80C22CF4-37F4-4D68-8B41-B41992797056}"
EndProject
Project("{9A19103F-16F7-4668-BE54-9A1E7A4F7556}") = "Habanerio.Core.Dbs.MongoDb", "src\habanerio\Habanerio.Core.Dbs\Habanerio.Core.Dbs.MongoDb\Habanerio.Core.Dbs.MongoDb.csproj", "{03D3D176-0943-4905-91E0-F9D612ACC517}"
EndProject
Project("{9A19103F-16F7-4668-BE54-9A1E7A4F7556}") = "AppHost", "src\aspire\AppHost\AppHost.csproj", "{506B3336-A8F8-4304-A158-8C4613CE6595}"
EndProject
Project("{9A19103F-16F7-4668-BE54-9A1E7A4F7556}") = "Xpnss.Domain", "src\Xpnss.Domain\Xpnss.Domain.csproj", "{04003F84-B6BD-47CC-8C13-2DB82E7B97C6}"
EndProject
Project("{9A19103F-16F7-4668-BE54-9A1E7A4F7556}") = "Xpnss.Infrastructure", "src\Xpnss.Infrastructure\Xpnss.Infrastructure.csproj", "{4155BA60-29AD-4F15-AFCE-1D3C25F93DA0}"
EndProject
Project("{9A19103F-16F7-4668-BE54-9A1E7A4F7556}") = "Xpnss.Common", "src\Xpnss.Common\Xpnss.Common.csproj", "{2F583319-73E3-48CE-9830-4893BDE2813F}"
EndProject
Project("{9A19103F-16F7-4668-BE54-9A1E7A4F7556}") = "Xpnss.Application", "src\Xpnss.Application\Xpnss.Application.csproj", "{E19D6827-B4BA-42FB-959C-1D269EF58E99}"
EndProject
Project("{FAE04EC0-301F-11D3-BF4B-00C04F79EFBC}") = "Tests.Unit.Domain", "tests\unit\Domain\Tests.Unit.Domain\Tests.Unit.Domain.csproj", "{6637836E-55A5-4066-B083-BFD3C0BC32D7}"
EndProject
Global
	GlobalSection(SolutionConfigurationPlatforms) = preSolution
		Debug|Any CPU = Debug|Any CPU
		Release|Any CPU = Release|Any CPU
	EndGlobalSection
	GlobalSection(ProjectConfigurationPlatforms) = postSolution
		{ADD08F3C-98F8-4A6D-87C2-B8CCB718D70F}.Debug|Any CPU.ActiveCfg = Debug|Any CPU
		{ADD08F3C-98F8-4A6D-87C2-B8CCB718D70F}.Debug|Any CPU.Build.0 = Debug|Any CPU
		{ADD08F3C-98F8-4A6D-87C2-B8CCB718D70F}.Release|Any CPU.ActiveCfg = Release|Any CPU
		{ADD08F3C-98F8-4A6D-87C2-B8CCB718D70F}.Release|Any CPU.Build.0 = Release|Any CPU
		{74C2C037-8862-41CE-850C-DF023A79E329}.Debug|Any CPU.ActiveCfg = Debug|Any CPU
		{74C2C037-8862-41CE-850C-DF023A79E329}.Debug|Any CPU.Build.0 = Debug|Any CPU
		{74C2C037-8862-41CE-850C-DF023A79E329}.Release|Any CPU.ActiveCfg = Release|Any CPU
		{74C2C037-8862-41CE-850C-DF023A79E329}.Release|Any CPU.Build.0 = Release|Any CPU
		{4038492A-D8E3-49B8-866B-DD048654E31F}.Debug|Any CPU.ActiveCfg = Debug|Any CPU
		{4038492A-D8E3-49B8-866B-DD048654E31F}.Debug|Any CPU.Build.0 = Debug|Any CPU
		{4038492A-D8E3-49B8-866B-DD048654E31F}.Release|Any CPU.ActiveCfg = Release|Any CPU
		{4038492A-D8E3-49B8-866B-DD048654E31F}.Release|Any CPU.Build.0 = Release|Any CPU
		{ECDBFFE7-9F54-474E-85D2-42AACA8D9EC7}.Debug|Any CPU.ActiveCfg = Debug|Any CPU
		{ECDBFFE7-9F54-474E-85D2-42AACA8D9EC7}.Debug|Any CPU.Build.0 = Debug|Any CPU
		{ECDBFFE7-9F54-474E-85D2-42AACA8D9EC7}.Release|Any CPU.ActiveCfg = Release|Any CPU
		{ECDBFFE7-9F54-474E-85D2-42AACA8D9EC7}.Release|Any CPU.Build.0 = Release|Any CPU
		{B759CBEF-2B14-4009-A51A-804B5259B51A}.Debug|Any CPU.ActiveCfg = Debug|Any CPU
		{B759CBEF-2B14-4009-A51A-804B5259B51A}.Debug|Any CPU.Build.0 = Debug|Any CPU
		{B759CBEF-2B14-4009-A51A-804B5259B51A}.Release|Any CPU.ActiveCfg = Release|Any CPU
		{B759CBEF-2B14-4009-A51A-804B5259B51A}.Release|Any CPU.Build.0 = Release|Any CPU
		{46469C5D-499F-4CDC-B9B8-2D94AF8D5933}.Debug|Any CPU.ActiveCfg = Debug|Any CPU
		{46469C5D-499F-4CDC-B9B8-2D94AF8D5933}.Debug|Any CPU.Build.0 = Debug|Any CPU
		{46469C5D-499F-4CDC-B9B8-2D94AF8D5933}.Release|Any CPU.ActiveCfg = Release|Any CPU
		{46469C5D-499F-4CDC-B9B8-2D94AF8D5933}.Release|Any CPU.Build.0 = Release|Any CPU
		{5AC1A26F-214A-4592-8E7A-777982CCD527}.Debug|Any CPU.ActiveCfg = Debug|Any CPU
		{5AC1A26F-214A-4592-8E7A-777982CCD527}.Debug|Any CPU.Build.0 = Debug|Any CPU
		{5AC1A26F-214A-4592-8E7A-777982CCD527}.Release|Any CPU.ActiveCfg = Release|Any CPU
		{5AC1A26F-214A-4592-8E7A-777982CCD527}.Release|Any CPU.Build.0 = Release|Any CPU
		{80C22CF4-37F4-4D68-8B41-B41992797056}.Debug|Any CPU.ActiveCfg = Debug|Any CPU
		{80C22CF4-37F4-4D68-8B41-B41992797056}.Debug|Any CPU.Build.0 = Debug|Any CPU
		{80C22CF4-37F4-4D68-8B41-B41992797056}.Release|Any CPU.ActiveCfg = Release|Any CPU
		{80C22CF4-37F4-4D68-8B41-B41992797056}.Release|Any CPU.Build.0 = Release|Any CPU
		{03D3D176-0943-4905-91E0-F9D612ACC517}.Debug|Any CPU.ActiveCfg = Debug|Any CPU
		{03D3D176-0943-4905-91E0-F9D612ACC517}.Debug|Any CPU.Build.0 = Debug|Any CPU
		{03D3D176-0943-4905-91E0-F9D612ACC517}.Release|Any CPU.ActiveCfg = Release|Any CPU
		{03D3D176-0943-4905-91E0-F9D612ACC517}.Release|Any CPU.Build.0 = Release|Any CPU
		{506B3336-A8F8-4304-A158-8C4613CE6595}.Debug|Any CPU.ActiveCfg = Debug|Any CPU
		{506B3336-A8F8-4304-A158-8C4613CE6595}.Debug|Any CPU.Build.0 = Debug|Any CPU
		{506B3336-A8F8-4304-A158-8C4613CE6595}.Release|Any CPU.ActiveCfg = Release|Any CPU
		{506B3336-A8F8-4304-A158-8C4613CE6595}.Release|Any CPU.Build.0 = Release|Any CPU
		{04003F84-B6BD-47CC-8C13-2DB82E7B97C6}.Debug|Any CPU.ActiveCfg = Debug|Any CPU
		{04003F84-B6BD-47CC-8C13-2DB82E7B97C6}.Debug|Any CPU.Build.0 = Debug|Any CPU
		{04003F84-B6BD-47CC-8C13-2DB82E7B97C6}.Release|Any CPU.ActiveCfg = Release|Any CPU
		{04003F84-B6BD-47CC-8C13-2DB82E7B97C6}.Release|Any CPU.Build.0 = Release|Any CPU
		{4155BA60-29AD-4F15-AFCE-1D3C25F93DA0}.Debug|Any CPU.ActiveCfg = Debug|Any CPU
		{4155BA60-29AD-4F15-AFCE-1D3C25F93DA0}.Debug|Any CPU.Build.0 = Debug|Any CPU
		{4155BA60-29AD-4F15-AFCE-1D3C25F93DA0}.Release|Any CPU.ActiveCfg = Release|Any CPU
		{4155BA60-29AD-4F15-AFCE-1D3C25F93DA0}.Release|Any CPU.Build.0 = Release|Any CPU
		{2F583319-73E3-48CE-9830-4893BDE2813F}.Debug|Any CPU.ActiveCfg = Debug|Any CPU
		{2F583319-73E3-48CE-9830-4893BDE2813F}.Debug|Any CPU.Build.0 = Debug|Any CPU
		{2F583319-73E3-48CE-9830-4893BDE2813F}.Release|Any CPU.ActiveCfg = Release|Any CPU
		{2F583319-73E3-48CE-9830-4893BDE2813F}.Release|Any CPU.Build.0 = Release|Any CPU
		{E19D6827-B4BA-42FB-959C-1D269EF58E99}.Debug|Any CPU.ActiveCfg = Debug|Any CPU
		{E19D6827-B4BA-42FB-959C-1D269EF58E99}.Debug|Any CPU.Build.0 = Debug|Any CPU
		{E19D6827-B4BA-42FB-959C-1D269EF58E99}.Release|Any CPU.ActiveCfg = Release|Any CPU
		{E19D6827-B4BA-42FB-959C-1D269EF58E99}.Release|Any CPU.Build.0 = Release|Any CPU
		{6637836E-55A5-4066-B083-BFD3C0BC32D7}.Debug|Any CPU.ActiveCfg = Debug|Any CPU
		{6637836E-55A5-4066-B083-BFD3C0BC32D7}.Debug|Any CPU.Build.0 = Debug|Any CPU
		{6637836E-55A5-4066-B083-BFD3C0BC32D7}.Release|Any CPU.ActiveCfg = Release|Any CPU
		{6637836E-55A5-4066-B083-BFD3C0BC32D7}.Release|Any CPU.Build.0 = Release|Any CPU
	EndGlobalSection
	GlobalSection(SolutionProperties) = preSolution
		HideSolutionNode = FALSE
	EndGlobalSection
	GlobalSection(NestedProjects) = preSolution
		{B7FD61DB-F6C7-49EA-B437-1A1B7DBB46D6} = {B9609780-F9CF-4FE5-909C-CABB81114684}
		{18FF51DB-B445-4200-830E-EC39C867EBBF} = {B9609780-F9CF-4FE5-909C-CABB81114684}
		{B1F6B185-4A30-4A76-B42C-36929242A687} = {B9609780-F9CF-4FE5-909C-CABB81114684}
		{ADD08F3C-98F8-4A6D-87C2-B8CCB718D70F} = {086DECF2-D9EF-48B0-95FB-894C9A920538}
		{D35846CA-6427-42D0-81C8-682E8E4370A3} = {F9B22BE8-56D8-4411-98C9-4810B54EED2B}
		{74C2C037-8862-41CE-850C-DF023A79E329} = {D35846CA-6427-42D0-81C8-682E8E4370A3}
		{1FD655BF-D6C6-4949-BE04-0B4DE9B5D0F2} = {F9B22BE8-56D8-4411-98C9-4810B54EED2B}
		{4038492A-D8E3-49B8-866B-DD048654E31F} = {1FD655BF-D6C6-4949-BE04-0B4DE9B5D0F2}
		{ECDBFFE7-9F54-474E-85D2-42AACA8D9EC7} = {3E402415-3A06-43E2-BE08-568FC639C028}
		{B759CBEF-2B14-4009-A51A-804B5259B51A} = {72385873-C488-43D1-AAE2-17BEB1F982AB}
		{72385873-C488-43D1-AAE2-17BEB1F982AB} = {3E402415-3A06-43E2-BE08-568FC639C028}
		{46469C5D-499F-4CDC-B9B8-2D94AF8D5933} = {18FF51DB-B445-4200-830E-EC39C867EBBF}
		{5AC1A26F-214A-4592-8E7A-777982CCD527} = {B7FD61DB-F6C7-49EA-B437-1A1B7DBB46D6}
		{80C22CF4-37F4-4D68-8B41-B41992797056} = {B1F6B185-4A30-4A76-B42C-36929242A687}
		{03D3D176-0943-4905-91E0-F9D612ACC517} = {72385873-C488-43D1-AAE2-17BEB1F982AB}
		{506B3336-A8F8-4304-A158-8C4613CE6595} = {086DECF2-D9EF-48B0-95FB-894C9A920538}
		{6637836E-55A5-4066-B083-BFD3C0BC32D7} = {B1F6B185-4A30-4A76-B42C-36929242A687}
	EndGlobalSection
	GlobalSection(ExtensibilityGlobals) = postSolution
		SolutionGuid = {33A7DC7B-6CCF-4CE8-9C33-2C0041458710}
	EndGlobalSection
EndGlobal
